
Microsoft Visual Studio Solution File, Format Version 12.00
Project("{FAE04EC0-301F-11D3-BF4B-00C04F79EFBC}") = "TeamBicep.WebApi", "TeamBicep.WebApi\TeamBicep.WebApi.csproj", "{939245E2-B69A-4402-A075-793836C03352}"
EndProject
Project("{2150E333-8FDC-42A3-9474-1A3956D46DE8}") = "Solution Items", "Solution Items", "{159B1D85-4114-4889-959C-7F4C842C6851}"
	ProjectSection(SolutionItems) = preProject
		.gitignore = .gitignore
		README.md = README.md
	EndProjectSection
EndProject
Project("{2150E333-8FDC-42A3-9474-1A3956D46DE8}") = "Src", "Src", "{A3371DEF-BB21-4DCC-9467-CE02D9957DF4}"
EndProject
Global
	GlobalSection(SolutionConfigurationPlatforms) = preSolution
		Debug|Any CPU = Debug|Any CPU
		Release|Any CPU = Release|Any CPU
	EndGlobalSection
	GlobalSection(ProjectConfigurationPlatforms) = postSolution
		{939245E2-B69A-4402-A075-793836C03352}.Debug|Any CPU.ActiveCfg = Debug|Any CPU
		{939245E2-B69A-4402-A075-793836C03352}.Debug|Any CPU.Build.0 = Debug|Any CPU
		{939245E2-B69A-4402-A075-793836C03352}.Release|Any CPU.ActiveCfg = Release|Any CPU
		{939245E2-B69A-4402-A075-793836C03352}.Release|Any CPU.Build.0 = Release|Any CPU
	EndGlobalSection
	GlobalSection(NestedProjects) = preSolution
		{939245E2-B69A-4402-A075-793836C03352} = {A3371DEF-BB21-4DCC-9467-CE02D9957DF4}
	EndGlobalSection
EndGlobal
